// !$*UTF8*$!
{
	archiveVersion = 1;
	classes = {
	};
	objectVersion = 56;
	objects = {

/* Begin PBXBuildFile section */
		8B6AAE3E2BFB8D7300D4F64F /* AppDelegate.swift in Sources */ = {isa = PBXBuildFile; fileRef = 8B6AAE3D2BFB8D7300D4F64F /* AppDelegate.swift */; };
		8B6AAE402BFB8D7300D4F64F /* GameScene.sks in Resources */ = {isa = PBXBuildFile; fileRef = 8B6AAE3F2BFB8D7300D4F64F /* GameScene.sks */; };
		8B6AAE422BFB8D7300D4F64F /* Actions.sks in Resources */ = {isa = PBXBuildFile; fileRef = 8B6AAE412BFB8D7300D4F64F /* Actions.sks */; };
		8B6AAE442BFB8D7300D4F64F /* GameScene.swift in Sources */ = {isa = PBXBuildFile; fileRef = 8B6AAE432BFB8D7300D4F64F /* GameScene.swift */; };
		8B6AAE462BFB8D7300D4F64F /* ViewController.swift in Sources */ = {isa = PBXBuildFile; fileRef = 8B6AAE452BFB8D7300D4F64F /* ViewController.swift */; };
		8B6AAE482BFB8D7400D4F64F /* Assets.xcassets in Resources */ = {isa = PBXBuildFile; fileRef = 8B6AAE472BFB8D7400D4F64F /* Assets.xcassets */; };
		8B6AAE4B2BFB8D7400D4F64F /* Base in Resources */ = {isa = PBXBuildFile; fileRef = 8B6AAE4A2BFB8D7400D4F64F /* Base */; };
		8B6AAE532BFB8E1400D4F64F /* BluetoothConnection.swift in Sources */ = {isa = PBXBuildFile; fileRef = 8B6AAE522BFB8E1400D4F64F /* BluetoothConnection.swift */; };
		8B6AAE552BFB90CB00D4F64F /* Info.plist in Resources */ = {isa = PBXBuildFile; fileRef = 8B6AAE542BFB90CB00D4F64F /* Info.plist */; };
		8B6AAE6A2BFBA4F900D4F64F /* StartGameScene.sks in Resources */ = {isa = PBXBuildFile; fileRef = 8B6AAE692BFBA4F900D4F64F /* StartGameScene.sks */; };
		8B6AAE6E2BFBA53900D4F64F /* StartGameScene.swift in Sources */ = {isa = PBXBuildFile; fileRef = 8B6AAE6D2BFBA53900D4F64F /* StartGameScene.swift */; };
		8B8DF7562BFBA93900B2A876 /* NextLevelScene.sks in Resources */ = {isa = PBXBuildFile; fileRef = 8B8DF7552BFBA93900B2A876 /* NextLevelScene.sks */; };
		8B8DF7582BFBA94900B2A876 /* NextLevelScene.swift in Sources */ = {isa = PBXBuildFile; fileRef = 8B8DF7572BFBA94800B2A876 /* NextLevelScene.swift */; };
		8B8DF75A2BFBB80C00B2A876 /* GameLevel.swift in Sources */ = {isa = PBXBuildFile; fileRef = 8B8DF7592BFBB80C00B2A876 /* GameLevel.swift */; };
		8B8DF75C2BFBBFA400B2A876 /* FinishGameScene.sks in Resources */ = {isa = PBXBuildFile; fileRef = 8B8DF75B2BFBBFA400B2A876 /* FinishGameScene.sks */; };
		8B8DF75E2BFBC01B00B2A876 /* FinishGameScene.swift in Sources */ = {isa = PBXBuildFile; fileRef = 8B8DF75D2BFBC01B00B2A876 /* FinishGameScene.swift */; };
		8B976D7C2C01A11E00EECECE /* iOSControllerApp.swift in Sources */ = {isa = PBXBuildFile; fileRef = 8B976D7B2C01A11E00EECECE /* iOSControllerApp.swift */; };
		8B976D7E2C01A11E00EECECE /* ContentView.swift in Sources */ = {isa = PBXBuildFile; fileRef = 8B976D7D2C01A11E00EECECE /* ContentView.swift */; };
		8B976D802C01A12000EECECE /* Assets.xcassets in Resources */ = {isa = PBXBuildFile; fileRef = 8B976D7F2C01A12000EECECE /* Assets.xcassets */; };
		8B976D832C01A12000EECECE /* Preview Assets.xcassets in Resources */ = {isa = PBXBuildFile; fileRef = 8B976D822C01A12000EECECE /* Preview Assets.xcassets */; };
		8B976D882C01A12C00EECECE /* Bluetooth.swift in Sources */ = {isa = PBXBuildFile; fileRef = 8B976D872C01A12C00EECECE /* Bluetooth.swift */; };
/* End PBXBuildFile section */

/* Begin PBXFileReference section */
		8B6AAE3D2BFB8D7300D4F64F /* AppDelegate.swift */ = {isa = PBXFileReference; lastKnownFileType = sourcecode.swift; path = AppDelegate.swift; sourceTree = "<group>"; };
		8B6AAE3F2BFB8D7300D4F64F /* GameScene.sks */ = {isa = PBXFileReference; lastKnownFileType = file.sks; path = GameScene.sks; sourceTree = "<group>"; };
		8B6AAE412BFB8D7300D4F64F /* Actions.sks */ = {isa = PBXFileReference; lastKnownFileType = file.sks; path = Actions.sks; sourceTree = "<group>"; };
		8B6AAE432BFB8D7300D4F64F /* GameScene.swift */ = {isa = PBXFileReference; lastKnownFileType = sourcecode.swift; path = GameScene.swift; sourceTree = "<group>"; };
		8B6AAE452BFB8D7300D4F64F /* ViewController.swift */ = {isa = PBXFileReference; lastKnownFileType = sourcecode.swift; path = ViewController.swift; sourceTree = "<group>"; };
		8B6AAE472BFB8D7400D4F64F /* Assets.xcassets */ = {isa = PBXFileReference; lastKnownFileType = folder.assetcatalog; path = Assets.xcassets; sourceTree = "<group>"; };
		8B6AAE4A2BFB8D7400D4F64F /* Base */ = {isa = PBXFileReference; lastKnownFileType = file.storyboard; name = Base; path = Base.lproj/Main.storyboard; sourceTree = "<group>"; };
		8B6AAE4C2BFB8D7400D4F64F /* SpaceGym.entitlements */ = {isa = PBXFileReference; lastKnownFileType = text.plist.entitlements; path = SpaceGym.entitlements; sourceTree = "<group>"; };
		8B6AAE522BFB8E1400D4F64F /* BluetoothConnection.swift */ = {isa = PBXFileReference; lastKnownFileType = sourcecode.swift; path = BluetoothConnection.swift; sourceTree = "<group>"; };
		8B6AAE542BFB90CB00D4F64F /* Info.plist */ = {isa = PBXFileReference; lastKnownFileType = text.plist.xml; path = Info.plist; sourceTree = "<group>"; };
		8B6AAE682BFB92C400D4F64F /* SpaceGym.app */ = {isa = PBXFileReference; explicitFileType = wrapper.application; includeInIndex = 0; path = SpaceGym.app; sourceTree = BUILT_PRODUCTS_DIR; };
		8B6AAE692BFBA4F900D4F64F /* StartGameScene.sks */ = {isa = PBXFileReference; lastKnownFileType = file.sks; path = StartGameScene.sks; sourceTree = "<group>"; };
		8B6AAE6D2BFBA53900D4F64F /* StartGameScene.swift */ = {isa = PBXFileReference; lastKnownFileType = sourcecode.swift; path = StartGameScene.swift; sourceTree = "<group>"; };
		8B8DF7552BFBA93900B2A876 /* NextLevelScene.sks */ = {isa = PBXFileReference; lastKnownFileType = file.sks; path = NextLevelScene.sks; sourceTree = "<group>"; };
		8B8DF7572BFBA94800B2A876 /* NextLevelScene.swift */ = {isa = PBXFileReference; lastKnownFileType = sourcecode.swift; path = NextLevelScene.swift; sourceTree = "<group>"; };
		8B8DF7592BFBB80C00B2A876 /* GameLevel.swift */ = {isa = PBXFileReference; lastKnownFileType = sourcecode.swift; path = GameLevel.swift; sourceTree = "<group>"; };
		8B8DF75B2BFBBFA400B2A876 /* FinishGameScene.sks */ = {isa = PBXFileReference; lastKnownFileType = file.sks; path = FinishGameScene.sks; sourceTree = "<group>"; };
		8B8DF75D2BFBC01B00B2A876 /* FinishGameScene.swift */ = {isa = PBXFileReference; lastKnownFileType = sourcecode.swift; path = FinishGameScene.swift; sourceTree = "<group>"; };
		8B976D792C01A11E00EECECE /* iOSController.app */ = {isa = PBXFileReference; explicitFileType = wrapper.application; includeInIndex = 0; path = iOSController.app; sourceTree = BUILT_PRODUCTS_DIR; };
		8B976D7B2C01A11E00EECECE /* iOSControllerApp.swift */ = {isa = PBXFileReference; lastKnownFileType = sourcecode.swift; path = iOSControllerApp.swift; sourceTree = "<group>"; };
		8B976D7D2C01A11E00EECECE /* ContentView.swift */ = {isa = PBXFileReference; lastKnownFileType = sourcecode.swift; path = ContentView.swift; sourceTree = "<group>"; };
		8B976D7F2C01A12000EECECE /* Assets.xcassets */ = {isa = PBXFileReference; lastKnownFileType = folder.assetcatalog; path = Assets.xcassets; sourceTree = "<group>"; };
		8B976D822C01A12000EECECE /* Preview Assets.xcassets */ = {isa = PBXFileReference; lastKnownFileType = folder.assetcatalog; path = "Preview Assets.xcassets"; sourceTree = "<group>"; };
		8B976D872C01A12C00EECECE /* Bluetooth.swift */ = {isa = PBXFileReference; lastKnownFileType = sourcecode.swift; path = Bluetooth.swift; sourceTree = "<group>"; };
		8B976D892C01A1D200EECECE /* Info.plist */ = {isa = PBXFileReference; lastKnownFileType = text.plist.xml; path = Info.plist; sourceTree = "<group>"; };
/* End PBXFileReference section */

/* Begin PBXFrameworksBuildPhase section */
		8B6AAE372BFB8D7300D4F64F /* Frameworks */ = {
			isa = PBXFrameworksBuildPhase;
			buildActionMask = 2147483647;
			files = (
			);
			runOnlyForDeploymentPostprocessing = 0;
		};
		8B976D762C01A11E00EECECE /* Frameworks */ = {
			isa = PBXFrameworksBuildPhase;
			buildActionMask = 2147483647;
			files = (
			);
			runOnlyForDeploymentPostprocessing = 0;
		};
/* End PBXFrameworksBuildPhase section */

/* Begin PBXGroup section */
		8B6AAE312BFB8D7300D4F64F = {
			isa = PBXGroup;
			children = (
				8B6AAE682BFB92C400D4F64F /* SpaceGym.app */,
				8B976D792C01A11E00EECECE /* iOSController.app */,
				8B6AAE3C2BFB8D7300D4F64F /* SpaceGym */,
				8B976D7A2C01A11E00EECECE /* iOSController */,
			);
			sourceTree = "<group>";
		};
		8B6AAE3C2BFB8D7300D4F64F /* SpaceGym */ = {
			isa = PBXGroup;
			children = (
				8B6AAE542BFB90CB00D4F64F /* Info.plist */,
				8B6AAE3D2BFB8D7300D4F64F /* AppDelegate.swift */,
				8B8DF76A2BFC617B00B2A876 /* Scene */,
				8B6AAE412BFB8D7300D4F64F /* Actions.sks */,
				8B6AAE452BFB8D7300D4F64F /* ViewController.swift */,
				8B6AAE472BFB8D7400D4F64F /* Assets.xcassets */,
				8B6AAE492BFB8D7400D4F64F /* Main.storyboard */,
				8B6AAE4C2BFB8D7400D4F64F /* SpaceGym.entitlements */,
				8B6AAE522BFB8E1400D4F64F /* BluetoothConnection.swift */,
				8B8DF7592BFBB80C00B2A876 /* GameLevel.swift */,
			);
			path = SpaceGym;
			sourceTree = "<group>";
		};
		8B8DF7652BFC60BE00B2A876 /* StartGameScene */ = {
			isa = PBXGroup;
			children = (
				8B6AAE692BFBA4F900D4F64F /* StartGameScene.sks */,
				8B6AAE6D2BFBA53900D4F64F /* StartGameScene.swift */,
			);
			path = StartGameScene;
			sourceTree = "<group>";
		};
		8B8DF7672BFC610800B2A876 /* GameScene */ = {
			isa = PBXGroup;
			children = (
				8B6AAE3F2BFB8D7300D4F64F /* GameScene.sks */,
				8B6AAE432BFB8D7300D4F64F /* GameScene.swift */,
			);
			path = GameScene;
			sourceTree = "<group>";
		};
		8B8DF7682BFC611E00B2A876 /* FinishGameScene */ = {
			isa = PBXGroup;
			children = (
				8B8DF75B2BFBBFA400B2A876 /* FinishGameScene.sks */,
				8B8DF75D2BFBC01B00B2A876 /* FinishGameScene.swift */,
			);
			path = FinishGameScene;
			sourceTree = "<group>";
		};
		8B8DF7692BFC612E00B2A876 /* NextLevelScene */ = {
			isa = PBXGroup;
			children = (
				8B8DF7552BFBA93900B2A876 /* NextLevelScene.sks */,
				8B8DF7572BFBA94800B2A876 /* NextLevelScene.swift */,
			);
			path = NextLevelScene;
			sourceTree = "<group>";
		};
		8B8DF76A2BFC617B00B2A876 /* Scene */ = {
			isa = PBXGroup;
			children = (
				8B8DF7672BFC610800B2A876 /* GameScene */,
				8B8DF7652BFC60BE00B2A876 /* StartGameScene */,
				8B8DF7692BFC612E00B2A876 /* NextLevelScene */,
				8B8DF7682BFC611E00B2A876 /* FinishGameScene */,
			);
			path = Scene;
			sourceTree = "<group>";
		};
		8B976D7A2C01A11E00EECECE /* iOSController */ = {
			isa = PBXGroup;
			children = (
				8B976D7B2C01A11E00EECECE /* iOSControllerApp.swift */,
				8B976D7D2C01A11E00EECECE /* ContentView.swift */,
				8B976D7F2C01A12000EECECE /* Assets.xcassets */,
				8B976D812C01A12000EECECE /* Preview Content */,
				8B976D872C01A12C00EECECE /* Bluetooth.swift */,
				8B976D892C01A1D200EECECE /* Info.plist */,
			);
			path = iOSController;
			sourceTree = "<group>";
		};
		8B976D812C01A12000EECECE /* Preview Content */ = {
			isa = PBXGroup;
			children = (
				8B976D822C01A12000EECECE /* Preview Assets.xcassets */,
			);
			path = "Preview Content";
			sourceTree = "<group>";
		};
/* End PBXGroup section */

/* Begin PBXNativeTarget section */
		8B6AAE392BFB8D7300D4F64F /* SpaceGym */ = {
			isa = PBXNativeTarget;
			buildConfigurationList = 8B6AAE4F2BFB8D7400D4F64F /* Build configuration list for PBXNativeTarget "SpaceGym" */;
			buildPhases = (
				8B6AAE362BFB8D7300D4F64F /* Sources */,
				8B6AAE372BFB8D7300D4F64F /* Frameworks */,
				8B6AAE382BFB8D7300D4F64F /* Resources */,
			);
			buildRules = (
			);
			dependencies = (
			);
			name = SpaceGym;
			productName = SpaceGym;
			productReference = 8B6AAE682BFB92C400D4F64F /* SpaceGym.app */;
			productType = "com.apple.product-type.application";
		};
		8B976D782C01A11E00EECECE /* iOSController */ = {
			isa = PBXNativeTarget;
			buildConfigurationList = 8B976D842C01A12000EECECE /* Build configuration list for PBXNativeTarget "iOSController" */;
			buildPhases = (
				8B976D752C01A11E00EECECE /* Sources */,
				8B976D762C01A11E00EECECE /* Frameworks */,
				8B976D772C01A11E00EECECE /* Resources */,
			);
			buildRules = (
			);
			dependencies = (
			);
			name = iOSController;
			productName = iOSController;
			productReference = 8B976D792C01A11E00EECECE /* iOSController.app */;
			productType = "com.apple.product-type.application";
		};
/* End PBXNativeTarget section */

/* Begin PBXProject section */
		8B6AAE322BFB8D7300D4F64F /* Project object */ = {
			isa = PBXProject;
			attributes = {
				BuildIndependentTargetsInParallel = 1;
				LastSwiftUpdateCheck = 1540;
				LastUpgradeCheck = 1540;
				TargetAttributes = {
					8B6AAE392BFB8D7300D4F64F = {
						CreatedOnToolsVersion = 15.4;
					};
					8B976D782C01A11E00EECECE = {
						CreatedOnToolsVersion = 15.4;
					};
				};
			};
			buildConfigurationList = 8B6AAE352BFB8D7300D4F64F /* Build configuration list for PBXProject "SpaceGym" */;
			compatibilityVersion = "Xcode 14.0";
			developmentRegion = en;
			hasScannedForEncodings = 0;
			knownRegions = (
				en,
				Base,
			);
			mainGroup = 8B6AAE312BFB8D7300D4F64F;
			productRefGroup = 8B6AAE312BFB8D7300D4F64F;
			projectDirPath = "";
			projectRoot = "";
			targets = (
				8B6AAE392BFB8D7300D4F64F /* SpaceGym */,
				8B976D782C01A11E00EECECE /* iOSController */,
			);
		};
/* End PBXProject section */

/* Begin PBXResourcesBuildPhase section */
		8B6AAE382BFB8D7300D4F64F /* Resources */ = {
			isa = PBXResourcesBuildPhase;
			buildActionMask = 2147483647;
			files = (
				8B8DF7562BFBA93900B2A876 /* NextLevelScene.sks in Resources */,
				8B6AAE402BFB8D7300D4F64F /* GameScene.sks in Resources */,
				8B6AAE482BFB8D7400D4F64F /* Assets.xcassets in Resources */,
				8B8DF75C2BFBBFA400B2A876 /* FinishGameScene.sks in Resources */,
				8B6AAE422BFB8D7300D4F64F /* Actions.sks in Resources */,
				8B6AAE6A2BFBA4F900D4F64F /* StartGameScene.sks in Resources */,
				8B6AAE552BFB90CB00D4F64F /* Info.plist in Resources */,
				8B6AAE4B2BFB8D7400D4F64F /* Base in Resources */,
			);
			runOnlyForDeploymentPostprocessing = 0;
		};
		8B976D772C01A11E00EECECE /* Resources */ = {
			isa = PBXResourcesBuildPhase;
			buildActionMask = 2147483647;
			files = (
				8B976D832C01A12000EECECE /* Preview Assets.xcassets in Resources */,
				8B976D802C01A12000EECECE /* Assets.xcassets in Resources */,
			);
			runOnlyForDeploymentPostprocessing = 0;
		};
/* End PBXResourcesBuildPhase section */

/* Begin PBXSourcesBuildPhase section */
		8B6AAE362BFB8D7300D4F64F /* Sources */ = {
			isa = PBXSourcesBuildPhase;
			buildActionMask = 2147483647;
			files = (
				8B6AAE462BFB8D7300D4F64F /* ViewController.swift in Sources */,
				8B8DF75E2BFBC01B00B2A876 /* FinishGameScene.swift in Sources */,
				8B6AAE442BFB8D7300D4F64F /* GameScene.swift in Sources */,
				8B8DF75A2BFBB80C00B2A876 /* GameLevel.swift in Sources */,
				8B6AAE6E2BFBA53900D4F64F /* StartGameScene.swift in Sources */,
				8B6AAE532BFB8E1400D4F64F /* BluetoothConnection.swift in Sources */,
				8B8DF7582BFBA94900B2A876 /* NextLevelScene.swift in Sources */,
				8B6AAE3E2BFB8D7300D4F64F /* AppDelegate.swift in Sources */,
			);
			runOnlyForDeploymentPostprocessing = 0;
		};
		8B976D752C01A11E00EECECE /* Sources */ = {
			isa = PBXSourcesBuildPhase;
			buildActionMask = 2147483647;
			files = (
				8B976D7E2C01A11E00EECECE /* ContentView.swift in Sources */,
				8B976D882C01A12C00EECECE /* Bluetooth.swift in Sources */,
				8B976D7C2C01A11E00EECECE /* iOSControllerApp.swift in Sources */,
			);
			runOnlyForDeploymentPostprocessing = 0;
		};
/* End PBXSourcesBuildPhase section */

/* Begin PBXVariantGroup section */
		8B6AAE492BFB8D7400D4F64F /* Main.storyboard */ = {
			isa = PBXVariantGroup;
			children = (
				8B6AAE4A2BFB8D7400D4F64F /* Base */,
			);
			name = Main.storyboard;
			sourceTree = "<group>";
		};
/* End PBXVariantGroup section */

/* Begin XCBuildConfiguration section */
		8B6AAE4D2BFB8D7400D4F64F /* Debug */ = {
			isa = XCBuildConfiguration;
			buildSettings = {
				ALWAYS_SEARCH_USER_PATHS = NO;
				ASSETCATALOG_COMPILER_GENERATE_SWIFT_ASSET_SYMBOL_EXTENSIONS = YES;
				CLANG_ANALYZER_NONNULL = YES;
				CLANG_ANALYZER_NUMBER_OBJECT_CONVERSION = YES_AGGRESSIVE;
				CLANG_CXX_LANGUAGE_STANDARD = "gnu++20";
				CLANG_ENABLE_MODULES = YES;
				CLANG_ENABLE_OBJC_ARC = YES;
				CLANG_ENABLE_OBJC_WEAK = YES;
				CLANG_WARN_BLOCK_CAPTURE_AUTORELEASING = YES;
				CLANG_WARN_BOOL_CONVERSION = YES;
				CLANG_WARN_COMMA = YES;
				CLANG_WARN_CONSTANT_CONVERSION = YES;
				CLANG_WARN_DEPRECATED_OBJC_IMPLEMENTATIONS = YES;
				CLANG_WARN_DIRECT_OBJC_ISA_USAGE = YES_ERROR;
				CLANG_WARN_DOCUMENTATION_COMMENTS = YES;
				CLANG_WARN_EMPTY_BODY = YES;
				CLANG_WARN_ENUM_CONVERSION = YES;
				CLANG_WARN_INFINITE_RECURSION = YES;
				CLANG_WARN_INT_CONVERSION = YES;
				CLANG_WARN_NON_LITERAL_NULL_CONVERSION = YES;
				CLANG_WARN_OBJC_IMPLICIT_RETAIN_SELF = YES;
				CLANG_WARN_OBJC_LITERAL_CONVERSION = YES;
				CLANG_WARN_OBJC_ROOT_CLASS = YES_ERROR;
				CLANG_WARN_QUOTED_INCLUDE_IN_FRAMEWORK_HEADER = YES;
				CLANG_WARN_RANGE_LOOP_ANALYSIS = YES;
				CLANG_WARN_STRICT_PROTOTYPES = YES;
				CLANG_WARN_SUSPICIOUS_MOVE = YES;
				CLANG_WARN_UNGUARDED_AVAILABILITY = YES_AGGRESSIVE;
				CLANG_WARN_UNREACHABLE_CODE = YES;
				CLANG_WARN__DUPLICATE_METHOD_MATCH = YES;
				COPY_PHASE_STRIP = NO;
				DEBUG_INFORMATION_FORMAT = dwarf;
				ENABLE_STRICT_OBJC_MSGSEND = YES;
				ENABLE_TESTABILITY = YES;
				ENABLE_USER_SCRIPT_SANDBOXING = YES;
				GCC_C_LANGUAGE_STANDARD = gnu17;
				GCC_DYNAMIC_NO_PIC = NO;
				GCC_NO_COMMON_BLOCKS = YES;
				GCC_OPTIMIZATION_LEVEL = 0;
				GCC_PREPROCESSOR_DEFINITIONS = (
					"DEBUG=1",
					"$(inherited)",
				);
				GCC_WARN_64_TO_32_BIT_CONVERSION = YES;
				GCC_WARN_ABOUT_RETURN_TYPE = YES_ERROR;
				GCC_WARN_UNDECLARED_SELECTOR = YES;
				GCC_WARN_UNINITIALIZED_AUTOS = YES_AGGRESSIVE;
				GCC_WARN_UNUSED_FUNCTION = YES;
				GCC_WARN_UNUSED_VARIABLE = YES;
				INFOPLIST_KEY_NSBluetoothWhileInUseUsageDescription = "";
				IPHONEOS_DEPLOYMENT_TARGET = 17.0;
				LOCALIZATION_PREFERS_STRING_CATALOGS = YES;
				MACOSX_DEPLOYMENT_TARGET = 14.4;
				MTL_ENABLE_DEBUG_INFO = INCLUDE_SOURCE;
				MTL_FAST_MATH = YES;
				ONLY_ACTIVE_ARCH = YES;
				SDKROOT = macosx;
				SWIFT_ACTIVE_COMPILATION_CONDITIONS = "DEBUG $(inherited)";
				SWIFT_OPTIMIZATION_LEVEL = "-Onone";
				WATCHOS_DEPLOYMENT_TARGET = 10.0;
			};
			name = Debug;
		};
		8B6AAE4E2BFB8D7400D4F64F /* Release */ = {
			isa = XCBuildConfiguration;
			buildSettings = {
				ALWAYS_SEARCH_USER_PATHS = NO;
				ASSETCATALOG_COMPILER_GENERATE_SWIFT_ASSET_SYMBOL_EXTENSIONS = YES;
				CLANG_ANALYZER_NONNULL = YES;
				CLANG_ANALYZER_NUMBER_OBJECT_CONVERSION = YES_AGGRESSIVE;
				CLANG_CXX_LANGUAGE_STANDARD = "gnu++20";
				CLANG_ENABLE_MODULES = YES;
				CLANG_ENABLE_OBJC_ARC = YES;
				CLANG_ENABLE_OBJC_WEAK = YES;
				CLANG_WARN_BLOCK_CAPTURE_AUTORELEASING = YES;
				CLANG_WARN_BOOL_CONVERSION = YES;
				CLANG_WARN_COMMA = YES;
				CLANG_WARN_CONSTANT_CONVERSION = YES;
				CLANG_WARN_DEPRECATED_OBJC_IMPLEMENTATIONS = YES;
				CLANG_WARN_DIRECT_OBJC_ISA_USAGE = YES_ERROR;
				CLANG_WARN_DOCUMENTATION_COMMENTS = YES;
				CLANG_WARN_EMPTY_BODY = YES;
				CLANG_WARN_ENUM_CONVERSION = YES;
				CLANG_WARN_INFINITE_RECURSION = YES;
				CLANG_WARN_INT_CONVERSION = YES;
				CLANG_WARN_NON_LITERAL_NULL_CONVERSION = YES;
				CLANG_WARN_OBJC_IMPLICIT_RETAIN_SELF = YES;
				CLANG_WARN_OBJC_LITERAL_CONVERSION = YES;
				CLANG_WARN_OBJC_ROOT_CLASS = YES_ERROR;
				CLANG_WARN_QUOTED_INCLUDE_IN_FRAMEWORK_HEADER = YES;
				CLANG_WARN_RANGE_LOOP_ANALYSIS = YES;
				CLANG_WARN_STRICT_PROTOTYPES = YES;
				CLANG_WARN_SUSPICIOUS_MOVE = YES;
				CLANG_WARN_UNGUARDED_AVAILABILITY = YES_AGGRESSIVE;
				CLANG_WARN_UNREACHABLE_CODE = YES;
				CLANG_WARN__DUPLICATE_METHOD_MATCH = YES;
				COPY_PHASE_STRIP = NO;
				DEBUG_INFORMATION_FORMAT = "dwarf-with-dsym";
				ENABLE_NS_ASSERTIONS = NO;
				ENABLE_STRICT_OBJC_MSGSEND = YES;
				ENABLE_USER_SCRIPT_SANDBOXING = YES;
				GCC_C_LANGUAGE_STANDARD = gnu17;
				GCC_NO_COMMON_BLOCKS = YES;
				GCC_WARN_64_TO_32_BIT_CONVERSION = YES;
				GCC_WARN_ABOUT_RETURN_TYPE = YES_ERROR;
				GCC_WARN_UNDECLARED_SELECTOR = YES;
				GCC_WARN_UNINITIALIZED_AUTOS = YES_AGGRESSIVE;
				GCC_WARN_UNUSED_FUNCTION = YES;
				GCC_WARN_UNUSED_VARIABLE = YES;
				INFOPLIST_KEY_NSBluetoothWhileInUseUsageDescription = "";
				IPHONEOS_DEPLOYMENT_TARGET = 17.0;
				LOCALIZATION_PREFERS_STRING_CATALOGS = YES;
				MACOSX_DEPLOYMENT_TARGET = 14.4;
				MTL_ENABLE_DEBUG_INFO = NO;
				MTL_FAST_MATH = YES;
				SDKROOT = macosx;
				SWIFT_COMPILATION_MODE = wholemodule;
				WATCHOS_DEPLOYMENT_TARGET = 10.0;
			};
			name = Release;
		};
		8B6AAE502BFB8D7400D4F64F /* Debug */ = {
			isa = XCBuildConfiguration;
			buildSettings = {
				ASSETCATALOG_COMPILER_APPICON_NAME = AppIcon;
				ASSETCATALOG_COMPILER_GLOBAL_ACCENT_COLOR_NAME = AccentColor;
				CODE_SIGN_ENTITLEMENTS = SpaceGym/SpaceGym.entitlements;
				CODE_SIGN_STYLE = Automatic;
				COMBINE_HIDPI_IMAGES = YES;
				CURRENT_PROJECT_VERSION = 1;
				DEVELOPMENT_TEAM = U5CZ6K98KV;
				ENABLE_HARDENED_RUNTIME = YES;
				GENERATE_INFOPLIST_FILE = YES;
				INFOPLIST_FILE = SpaceGym/Info.plist;
				INFOPLIST_KEY_LSApplicationCategoryType = "public.app-category.sports-games";
				INFOPLIST_KEY_NSBluetoothAlwaysUsageDescription = "We use Bluetooth to connect to external devices.";
				INFOPLIST_KEY_NSBluetoothPeripheralUsageDescription = "We use Bluetooth to connect to external devices.";
				INFOPLIST_KEY_NSBluetoothWhileInUseUsageDescription = "We use Bluetooth to connect to external devices.";
				INFOPLIST_KEY_NSHumanReadableCopyright = "";
				INFOPLIST_KEY_NSMainStoryboardFile = Main;
				INFOPLIST_KEY_NSPrincipalClass = NSApplication;
				LD_RUNPATH_SEARCH_PATHS = (
					"$(inherited)",
					"@executable_path/../Frameworks",
				);
				MACOSX_DEPLOYMENT_TARGET = 14.0;
				MARKETING_VERSION = 1.0;
				PRODUCT_BUNDLE_IDENTIFIER = pebruwantoro.SpaceGym;
				PRODUCT_NAME = "$(TARGET_NAME)";
				SUPPORTED_PLATFORMS = macosx;
				SUPPORTS_MACCATALYST = NO;
				SWIFT_EMIT_LOC_STRINGS = YES;
				SWIFT_VERSION = 5.0;
			};
			name = Debug;
		};
		8B6AAE512BFB8D7400D4F64F /* Release */ = {
			isa = XCBuildConfiguration;
			buildSettings = {
				ASSETCATALOG_COMPILER_APPICON_NAME = AppIcon;
				ASSETCATALOG_COMPILER_GLOBAL_ACCENT_COLOR_NAME = AccentColor;
				CODE_SIGN_ENTITLEMENTS = SpaceGym/SpaceGym.entitlements;
				CODE_SIGN_STYLE = Automatic;
				COMBINE_HIDPI_IMAGES = YES;
				CURRENT_PROJECT_VERSION = 1;
				DEVELOPMENT_TEAM = U5CZ6K98KV;
				ENABLE_HARDENED_RUNTIME = YES;
				GENERATE_INFOPLIST_FILE = YES;
				INFOPLIST_FILE = SpaceGym/Info.plist;
				INFOPLIST_KEY_LSApplicationCategoryType = "public.app-category.sports-games";
				INFOPLIST_KEY_NSBluetoothAlwaysUsageDescription = "We use Bluetooth to connect to external devices.";
				INFOPLIST_KEY_NSBluetoothPeripheralUsageDescription = "We use Bluetooth to connect to external devices.";
				INFOPLIST_KEY_NSBluetoothWhileInUseUsageDescription = "We use Bluetooth to connect to external devices.";
				INFOPLIST_KEY_NSHumanReadableCopyright = "";
				INFOPLIST_KEY_NSMainStoryboardFile = Main;
				INFOPLIST_KEY_NSPrincipalClass = NSApplication;
				LD_RUNPATH_SEARCH_PATHS = (
					"$(inherited)",
					"@executable_path/../Frameworks",
				);
				MACOSX_DEPLOYMENT_TARGET = 14.0;
				MARKETING_VERSION = 1.0;
				PRODUCT_BUNDLE_IDENTIFIER = pebruwantoro.SpaceGym;
				PRODUCT_NAME = "$(TARGET_NAME)";
				SUPPORTED_PLATFORMS = macosx;
				SUPPORTS_MACCATALYST = NO;
				SWIFT_EMIT_LOC_STRINGS = YES;
				SWIFT_VERSION = 5.0;
			};
			name = Release;
		};
		8B976D852C01A12000EECECE /* Debug */ = {
			isa = XCBuildConfiguration;
			buildSettings = {
				ASSETCATALOG_COMPILER_APPICON_NAME = AppIcon;
				ASSETCATALOG_COMPILER_GLOBAL_ACCENT_COLOR_NAME = AccentColor;
				CODE_SIGN_STYLE = Automatic;
				CURRENT_PROJECT_VERSION = 1;
				DEVELOPMENT_ASSET_PATHS = "\"iOSController/Preview Content\"";
				DEVELOPMENT_TEAM = U5CZ6K98KV;
				ENABLE_PREVIEWS = YES;
				GENERATE_INFOPLIST_FILE = YES;
				INFOPLIST_FILE = iOSController/Info.plist;
				INFOPLIST_KEY_NSBluetoothWhileInUseUsageDescription = "We use Bluetooth to connect to external devices.";
				INFOPLIST_KEY_UIApplicationSceneManifest_Generation = YES;
				INFOPLIST_KEY_UIApplicationSupportsIndirectInputEvents = YES;
				INFOPLIST_KEY_UILaunchScreen_Generation = YES;
				INFOPLIST_KEY_UISupportedInterfaceOrientations_iPad = "UIInterfaceOrientationPortrait UIInterfaceOrientationPortraitUpsideDown UIInterfaceOrientationLandscapeLeft UIInterfaceOrientationLandscapeRight";
				INFOPLIST_KEY_UISupportedInterfaceOrientations_iPhone = "UIInterfaceOrientationPortrait UIInterfaceOrientationLandscapeLeft UIInterfaceOrientationLandscapeRight";
				IPHONEOS_DEPLOYMENT_TARGET = 17.0;
				LD_RUNPATH_SEARCH_PATHS = (
					"$(inherited)",
					"@executable_path/Frameworks",
				);
				MARKETING_VERSION = 1.0;
				PRODUCT_BUNDLE_IDENTIFIER = pebruwantoro.iOSController;
				PRODUCT_NAME = "$(TARGET_NAME)";
				SDKROOT = iphoneos;
				SWIFT_EMIT_LOC_STRINGS = YES;
				SWIFT_VERSION = 5.0;
				TARGETED_DEVICE_FAMILY = "1,2";
			};
			name = Debug;
		};
		8B976D862C01A12000EECECE /* Release */ = {
			isa = XCBuildConfiguration;
			buildSettings = {
				ASSETCATALOG_COMPILER_APPICON_NAME = AppIcon;
				ASSETCATALOG_COMPILER_GLOBAL_ACCENT_COLOR_NAME = AccentColor;
				CODE_SIGN_STYLE = Automatic;
				CURRENT_PROJECT_VERSION = 1;
				DEVELOPMENT_ASSET_PATHS = "\"iOSController/Preview Content\"";
				DEVELOPMENT_TEAM = U5CZ6K98KV;
				ENABLE_PREVIEWS = YES;
				GENERATE_INFOPLIST_FILE = YES;
				INFOPLIST_FILE = iOSController/Info.plist;
				INFOPLIST_KEY_NSBluetoothWhileInUseUsageDescription = "We use Bluetooth to connect to external devices.";
				INFOPLIST_KEY_UIApplicationSceneManifest_Generation = YES;
				INFOPLIST_KEY_UIApplicationSupportsIndirectInputEvents = YES;
				INFOPLIST_KEY_UILaunchScreen_Generation = YES;
				INFOPLIST_KEY_UISupportedInterfaceOrientations_iPad = "UIInterfaceOrientationPortrait UIInterfaceOrientationPortraitUpsideDown UIInterfaceOrientationLandscapeLeft UIInterfaceOrientationLandscapeRight";
				INFOPLIST_KEY_UISupportedInterfaceOrientations_iPhone = "UIInterfaceOrientationPortrait UIInterfaceOrientationLandscapeLeft UIInterfaceOrientationLandscapeRight";
				IPHONEOS_DEPLOYMENT_TARGET = 17.0;
				LD_RUNPATH_SEARCH_PATHS = (
					"$(inherited)",
					"@executable_path/Frameworks",
				);
				MARKETING_VERSION = 1.0;
				PRODUCT_BUNDLE_IDENTIFIER = pebruwantoro.iOSController;
				PRODUCT_NAME = "$(TARGET_NAME)";
				SDKROOT = iphoneos;
				SWIFT_EMIT_LOC_STRINGS = YES;
				SWIFT_VERSION = 5.0;
				TARGETED_DEVICE_FAMILY = "1,2";
				VALIDATE_PRODUCT = YES;
			};
			name = Release;
		};
/* End XCBuildConfiguration section */

/* Begin XCConfigurationList section */
		8B6AAE352BFB8D7300D4F64F /* Build configuration list for PBXProject "SpaceGym" */ = {
			isa = XCConfigurationList;
			buildConfigurations = (
				8B6AAE4D2BFB8D7400D4F64F /* Debug */,
				8B6AAE4E2BFB8D7400D4F64F /* Release */,
			);
			defaultConfigurationIsVisible = 0;
			defaultConfigurationName = Release;
		};
		8B6AAE4F2BFB8D7400D4F64F /* Build configuration list for PBXNativeTarget "SpaceGym" */ = {
			isa = XCConfigurationList;
			buildConfigurations = (
				8B6AAE502BFB8D7400D4F64F /* Debug */,
				8B6AAE512BFB8D7400D4F64F /* Release */,
			);
			defaultConfigurationIsVisible = 0;
			defaultConfigurationName = Release;
		};
		8B976D842C01A12000EECECE /* Build configuration list for PBXNativeTarget "iOSController" */ = {
			isa = XCConfigurationList;
			buildConfigurations = (
				8B976D852C01A12000EECECE /* Debug */,
				8B976D862C01A12000EECECE /* Release */,
			);
			defaultConfigurationIsVisible = 0;
			defaultConfigurationName = Release;
		};
/* End XCConfigurationList section */
	};
	rootObject = 8B6AAE322BFB8D7300D4F64F /* Project object */;
}
